// !$*UTF8*$!
{
	archiveVersion = 1;
	classes = {
	};
	objectVersion = 46;
	objects = {

/* Begin PBXBuildFile section */
		8A7E77601D9BDA0A009FDF9F /* main.m in Sources */ = {isa = PBXBuildFile; fileRef = 8A7E775F1D9BDA0A009FDF9F /* main.m */; };
		8A7E77631D9BDA0A009FDF9F /* AppDelegate.m in Sources */ = {isa = PBXBuildFile; fileRef = 8A7E77621D9BDA0A009FDF9F /* AppDelegate.m */; };
		8A7E77661D9BDA0A009FDF9F /* ViewController.m in Sources */ = {isa = PBXBuildFile; fileRef = 8A7E77651D9BDA0A009FDF9F /* ViewController.m */; };
		8A7E77691D9BDA0A009FDF9F /* Main.storyboard in Resources */ = {isa = PBXBuildFile; fileRef = 8A7E77671D9BDA0A009FDF9F /* Main.storyboard */; };
		8A7E776B1D9BDA0A009FDF9F /* Assets.xcassets in Resources */ = {isa = PBXBuildFile; fileRef = 8A7E776A1D9BDA0A009FDF9F /* Assets.xcassets */; };
		8A7E776E1D9BDA0A009FDF9F /* LaunchScreen.storyboard in Resources */ = {isa = PBXBuildFile; fileRef = 8A7E776C1D9BDA0A009FDF9F /* LaunchScreen.storyboard */; };
		8A7E777D1D9BDA6B009FDF9F /* DetailViewController.m in Sources */ = {isa = PBXBuildFile; fileRef = 8A7E77761D9BDA6B009FDF9F /* DetailViewController.m */; };
		8A7E777E1D9BDA6B009FDF9F /* ImageLinkParse.m in Sources */ = {isa = PBXBuildFile; fileRef = 8A7E77781D9BDA6B009FDF9F /* ImageLinkParse.m */; };
		8A7E777F1D9BDA6B009FDF9F /* News.m in Sources */ = {isa = PBXBuildFile; fileRef = 8A7E777A1D9BDA6B009FDF9F /* News.m */; };
		8A7E77801D9BDA6B009FDF9F /* RssParse.m in Sources */ = {isa = PBXBuildFile; fileRef = 8A7E777C1D9BDA6B009FDF9F /* RssParse.m */; };
		8A7E77831D9BDAF1009FDF9F /* Foundation.framework in Frameworks */ = {isa = PBXBuildFile; fileRef = 8A7E77821D9BDAF1009FDF9F /* Foundation.framework */; };
		8A7E77851D9BDB00009FDF9F /* UIKit.framework in Frameworks */ = {isa = PBXBuildFile; fileRef = 8A7E77841D9BDB00009FDF9F /* UIKit.framework */; };
		8A7E77871D9BDB08009FDF9F /* CoreGraphics.framework in Frameworks */ = {isa = PBXBuildFile; fileRef = 8A7E77861D9BDB08009FDF9F /* CoreGraphics.framework */; };
/* End PBXBuildFile section */

/* Begin PBXFileReference section */
		8A7E775B1D9BDA0A009FDF9F /* testRssReader.app */ = {isa = PBXFileReference; explicitFileType = wrapper.application; includeInIndex = 0; path = testRssReader.app; sourceTree = BUILT_PRODUCTS_DIR; };
		8A7E775F1D9BDA0A009FDF9F /* main.m */ = {isa = PBXFileReference; lastKnownFileType = sourcecode.c.objc; path = main.m; sourceTree = "<group>"; };
		8A7E77611D9BDA0A009FDF9F /* AppDelegate.h */ = {isa = PBXFileReference; lastKnownFileType = sourcecode.c.h; path = AppDelegate.h; sourceTree = "<group>"; };
		8A7E77621D9BDA0A009FDF9F /* AppDelegate.m */ = {isa = PBXFileReference; lastKnownFileType = sourcecode.c.objc; path = AppDelegate.m; sourceTree = "<group>"; };
		8A7E77641D9BDA0A009FDF9F /* ViewController.h */ = {isa = PBXFileReference; lastKnownFileType = sourcecode.c.h; path = ViewController.h; sourceTree = "<group>"; };
		8A7E77651D9BDA0A009FDF9F /* ViewController.m */ = {isa = PBXFileReference; lastKnownFileType = sourcecode.c.objc; path = ViewController.m; sourceTree = "<group>"; };
		8A7E77681D9BDA0A009FDF9F /* Base */ = {isa = PBXFileReference; lastKnownFileType = file.storyboard; name = Base; path = Base.lproj/Main.storyboard; sourceTree = "<group>"; };
		8A7E776A1D9BDA0A009FDF9F /* Assets.xcassets */ = {isa = PBXFileReference; lastKnownFileType = folder.assetcatalog; path = Assets.xcassets; sourceTree = "<group>"; };
		8A7E776D1D9BDA0A009FDF9F /* Base */ = {isa = PBXFileReference; lastKnownFileType = file.storyboard; name = Base; path = Base.lproj/LaunchScreen.storyboard; sourceTree = "<group>"; };
		8A7E776F1D9BDA0A009FDF9F /* Info.plist */ = {isa = PBXFileReference; lastKnownFileType = text.plist.xml; path = Info.plist; sourceTree = "<group>"; };
		8A7E77751D9BDA6B009FDF9F /* DetailViewController.h */ = {isa = PBXFileReference; fileEncoding = 4; lastKnownFileType = sourcecode.c.h; path = DetailViewController.h; sourceTree = "<group>"; };
		8A7E77761D9BDA6B009FDF9F /* DetailViewController.m */ = {isa = PBXFileReference; fileEncoding = 4; lastKnownFileType = sourcecode.c.objc; path = DetailViewController.m; sourceTree = "<group>"; };
		8A7E77771D9BDA6B009FDF9F /* ImageLinkParse.h */ = {isa = PBXFileReference; fileEncoding = 4; lastKnownFileType = sourcecode.c.h; path = ImageLinkParse.h; sourceTree = "<group>"; };
		8A7E77781D9BDA6B009FDF9F /* ImageLinkParse.m */ = {isa = PBXFileReference; fileEncoding = 4; lastKnownFileType = sourcecode.c.objc; path = ImageLinkParse.m; sourceTree = "<group>"; };
		8A7E77791D9BDA6B009FDF9F /* News.h */ = {isa = PBXFileReference; fileEncoding = 4; lastKnownFileType = sourcecode.c.h; path = News.h; sourceTree = "<group>"; };
		8A7E777A1D9BDA6B009FDF9F /* News.m */ = {isa = PBXFileReference; fileEncoding = 4; lastKnownFileType = sourcecode.c.objc; path = News.m; sourceTree = "<group>"; };
		8A7E777B1D9BDA6B009FDF9F /* RssParse.h */ = {isa = PBXFileReference; fileEncoding = 4; lastKnownFileType = sourcecode.c.h; path = RssParse.h; sourceTree = "<group>"; };
		8A7E777C1D9BDA6B009FDF9F /* RssParse.m */ = {isa = PBXFileReference; fileEncoding = 4; lastKnownFileType = sourcecode.c.objc; path = RssParse.m; sourceTree = "<group>"; };
		8A7E77821D9BDAF1009FDF9F /* Foundation.framework */ = {isa = PBXFileReference; lastKnownFileType = wrapper.framework; name = Foundation.framework; path = System/Library/Frameworks/Foundation.framework; sourceTree = SDKROOT; };
		8A7E77841D9BDB00009FDF9F /* UIKit.framework */ = {isa = PBXFileReference; lastKnownFileType = wrapper.framework; name = UIKit.framework; path = System/Library/Frameworks/UIKit.framework; sourceTree = SDKROOT; };
		8A7E77861D9BDB08009FDF9F /* CoreGraphics.framework */ = {isa = PBXFileReference; lastKnownFileType = wrapper.framework; name = CoreGraphics.framework; path = System/Library/Frameworks/CoreGraphics.framework; sourceTree = SDKROOT; };
/* End PBXFileReference section */

/* Begin PBXFrameworksBuildPhase section */
		8A7E77581D9BDA0A009FDF9F /* Frameworks */ = {
			isa = PBXFrameworksBuildPhase;
			buildActionMask = 2147483647;
			files = (
				8A7E77871D9BDB08009FDF9F /* CoreGraphics.framework in Frameworks */,
				8A7E77851D9BDB00009FDF9F /* UIKit.framework in Frameworks */,
				8A7E77831D9BDAF1009FDF9F /* Foundation.framework in Frameworks */,
			);
			runOnlyForDeploymentPostprocessing = 0;
		};
/* End PBXFrameworksBuildPhase section */

/* Begin PBXGroup section */
		8A7E77521D9BDA0A009FDF9F = {
			isa = PBXGroup;
			children = (
				8A7E775D1D9BDA0A009FDF9F /* testRssReader */,
				8A7E775C1D9BDA0A009FDF9F /* Products */,
				8A7E77811D9BDAF1009FDF9F /* Frameworks */,
			);
			sourceTree = "<group>";
		};
		8A7E775C1D9BDA0A009FDF9F /* Products */ = {
			isa = PBXGroup;
			children = (
				8A7E775B1D9BDA0A009FDF9F /* testRssReader.app */,
			);
			name = Products;
			sourceTree = "<group>";
		};
		8A7E775D1D9BDA0A009FDF9F /* testRssReader */ = {
			isa = PBXGroup;
			children = (
				8A7E77611D9BDA0A009FDF9F /* AppDelegate.h */,
				8A7E77621D9BDA0A009FDF9F /* AppDelegate.m */,
				8A7E77641D9BDA0A009FDF9F /* ViewController.h */,
				8A7E77651D9BDA0A009FDF9F /* ViewController.m */,
				8A7E77751D9BDA6B009FDF9F /* DetailViewController.h */,
				8A7E77761D9BDA6B009FDF9F /* DetailViewController.m */,
				8A7E77791D9BDA6B009FDF9F /* News.h */,
				8A7E777A1D9BDA6B009FDF9F /* News.m */,
				8A7E777B1D9BDA6B009FDF9F /* RssParse.h */,
				8A7E777C1D9BDA6B009FDF9F /* RssParse.m */,
				8A7E77771D9BDA6B009FDF9F /* ImageLinkParse.h */,
				8A7E77781D9BDA6B009FDF9F /* ImageLinkParse.m */,
				8A7E77671D9BDA0A009FDF9F /* Main.storyboard */,
				8A7E776A1D9BDA0A009FDF9F /* Assets.xcassets */,
				8A7E776C1D9BDA0A009FDF9F /* LaunchScreen.storyboard */,
				8A7E776F1D9BDA0A009FDF9F /* Info.plist */,
				8A7E775E1D9BDA0A009FDF9F /* Supporting Files */,
			);
			path = testRssReader;
			sourceTree = "<group>";
		};
		8A7E775E1D9BDA0A009FDF9F /* Supporting Files */ = {
			isa = PBXGroup;
			children = (
				8A7E775F1D9BDA0A009FDF9F /* main.m */,
			);
			name = "Supporting Files";
			sourceTree = "<group>";
		};
		8A7E77811D9BDAF1009FDF9F /* Frameworks */ = {
			isa = PBXGroup;
			children = (
				8A7E77861D9BDB08009FDF9F /* CoreGraphics.framework */,
				8A7E77841D9BDB00009FDF9F /* UIKit.framework */,
				8A7E77821D9BDAF1009FDF9F /* Foundation.framework */,
			);
			name = Frameworks;
			sourceTree = "<group>";
		};
/* End PBXGroup section */

/* Begin PBXNativeTarget section */
		8A7E775A1D9BDA0A009FDF9F /* testRssReader */ = {
			isa = PBXNativeTarget;
			buildConfigurationList = 8A7E77721D9BDA0A009FDF9F /* Build configuration list for PBXNativeTarget "testRssReader" */;
			buildPhases = (
				8A7E77571D9BDA0A009FDF9F /* Sources */,
				8A7E77581D9BDA0A009FDF9F /* Frameworks */,
				8A7E77591D9BDA0A009FDF9F /* Resources */,
			);
			buildRules = (
			);
			dependencies = (
			);
			name = testRssReader;
			productName = testRssReader;
			productReference = 8A7E775B1D9BDA0A009FDF9F /* testRssReader.app */;
			productType = "com.apple.product-type.application";
		};
/* End PBXNativeTarget section */

/* Begin PBXProject section */
		8A7E77531D9BDA0A009FDF9F /* Project object */ = {
			isa = PBXProject;
			attributes = {
				LastUpgradeCheck = 0800;
				ORGANIZATIONNAME = "Alexey Volkov";
				TargetAttributes = {
					8A7E775A1D9BDA0A009FDF9F = {
						CreatedOnToolsVersion = 8.0;
						ProvisioningStyle = Automatic;
					};
				};
			};
			buildConfigurationList = 8A7E77561D9BDA0A009FDF9F /* Build configuration list for PBXProject "testRssReader" */;
			compatibilityVersion = "Xcode 3.2";
			developmentRegion = English;
			hasScannedForEncodings = 0;
			knownRegions = (
				en,
				Base,
			);
			mainGroup = 8A7E77521D9BDA0A009FDF9F;
			productRefGroup = 8A7E775C1D9BDA0A009FDF9F /* Products */;
			projectDirPath = "";
			projectRoot = "";
			targets = (
				8A7E775A1D9BDA0A009FDF9F /* testRssReader */,
			);
		};
/* End PBXProject section */

/* Begin PBXResourcesBuildPhase section */
		8A7E77591D9BDA0A009FDF9F /* Resources */ = {
			isa = PBXResourcesBuildPhase;
			buildActionMask = 2147483647;
			files = (
				8A7E776E1D9BDA0A009FDF9F /* LaunchScreen.storyboard in Resources */,
				8A7E776B1D9BDA0A009FDF9F /* Assets.xcassets in Resources */,
				8A7E77691D9BDA0A009FDF9F /* Main.storyboard in Resources */,
			);
			runOnlyForDeploymentPostprocessing = 0;
		};
/* End PBXResourcesBuildPhase section */

/* Begin PBXSourcesBuildPhase section */
		8A7E77571D9BDA0A009FDF9F /* Sources */ = {
			isa = PBXSourcesBuildPhase;
			buildActionMask = 2147483647;
			files = (
				8A7E77801D9BDA6B009FDF9F /* RssParse.m in Sources */,
				8A7E77661D9BDA0A009FDF9F /* ViewController.m in Sources */,
				8A7E77631D9BDA0A009FDF9F /* AppDelegate.m in Sources */,
				8A7E777F1D9BDA6B009FDF9F /* News.m in Sources */,
				8A7E77601D9BDA0A009FDF9F /* main.m in Sources */,
				8A7E777E1D9BDA6B009FDF9F /* ImageLinkParse.m in Sources */,
				8A7E777D1D9BDA6B009FDF9F /* DetailViewController.m in Sources */,
			);
			runOnlyForDeploymentPostprocessing = 0;
		};
/* End PBXSourcesBuildPhase section */

/* Begin PBXVariantGroup section */
		8A7E77671D9BDA0A009FDF9F /* Main.storyboard */ = {
			isa = PBXVariantGroup;
			children = (
				8A7E77681D9BDA0A009FDF9F /* Base */,
			);
			name = Main.storyboard;
			sourceTree = "<group>";
		};
		8A7E776C1D9BDA0A009FDF9F /* LaunchScreen.storyboard */ = {
			isa = PBXVariantGroup;
			children = (
				8A7E776D1D9BDA0A009FDF9F /* Base */,
			);
			name = LaunchScreen.storyboard;
			sourceTree = "<group>";
		};
/* End PBXVariantGroup section */

/* Begin XCBuildConfiguration section */
		8A7E77701D9BDA0A009FDF9F /* Debug */ = {
			isa = XCBuildConfiguration;
			buildSettings = {
				ALWAYS_SEARCH_USER_PATHS = NO;
				CLANG_ANALYZER_NONNULL = YES;
				CLANG_CXX_LANGUAGE_STANDARD = "gnu++0x";
				CLANG_CXX_LIBRARY = "libc++";
				CLANG_ENABLE_MODULES = YES;
				CLANG_ENABLE_OBJC_ARC = YES;
				CLANG_WARN_BOOL_CONVERSION = YES;
				CLANG_WARN_CONSTANT_CONVERSION = YES;
				CLANG_WARN_DIRECT_OBJC_ISA_USAGE = YES_ERROR;
				CLANG_WARN_DOCUMENTATION_COMMENTS = YES;
				CLANG_WARN_EMPTY_BODY = YES;
				CLANG_WARN_ENUM_CONVERSION = YES;
				CLANG_WARN_INFINITE_RECURSION = YES;
				CLANG_WARN_INT_CONVERSION = YES;
				CLANG_WARN_OBJC_ROOT_CLASS = YES_ERROR;
				CLANG_WARN_SUSPICIOUS_MOVES = YES;
				CLANG_WARN_UNREACHABLE_CODE = YES;
				CLANG_WARN__DUPLICATE_METHOD_MATCH = YES;
				"CODE_SIGN_IDENTITY[sdk=iphoneos*]" = "iPhone Developer";
				COPY_PHASE_STRIP = NO;
				DEBUG_INFORMATION_FORMAT = dwarf;
				ENABLE_STRICT_OBJC_MSGSEND = YES;
				ENABLE_TESTABILITY = YES;
				GCC_C_LANGUAGE_STANDARD = gnu99;
				GCC_DYNAMIC_NO_PIC = NO;
				GCC_NO_COMMON_BLOCKS = YES;
				GCC_OPTIMIZATION_LEVEL = 0;
				GCC_PREPROCESSOR_DEFINITIONS = (
					"DEBUG=1",
					"$(inherited)",
				);
				GCC_WARN_64_TO_32_BIT_CONVERSION = YES;
				GCC_WARN_ABOUT_RETURN_TYPE = YES_ERROR;
				GCC_WARN_UNDECLARED_SELECTOR = YES;
				GCC_WARN_UNINITIALIZED_AUTOS = YES_AGGRESSIVE;
				GCC_WARN_UNUSED_FUNCTION = YES;
				GCC_WARN_UNUSED_VARIABLE = YES;
				IPHONEOS_DEPLOYMENT_TARGET = 9.0;
				MTL_ENABLE_DEBUG_INFO = YES;
				ONLY_ACTIVE_ARCH = YES;
				SDKROOT = iphoneos;
				TARGETED_DEVICE_FAMILY = "1,2";
			};
			name = Debug;
		};
		8A7E77711D9BDA0A009FDF9F /* Release */ = {
			isa = XCBuildConfiguration;
			buildSettings = {
				ALWAYS_SEARCH_USER_PATHS = NO;
				CLANG_ANALYZER_NONNULL = YES;
				CLANG_CXX_LANGUAGE_STANDARD = "gnu++0x";
				CLANG_CXX_LIBRARY = "libc++";
				CLANG_ENABLE_MODULES = YES;
				CLANG_ENABLE_OBJC_ARC = YES;
				CLANG_WARN_BOOL_CONVERSION = YES;
				CLANG_WARN_CONSTANT_CONVERSION = YES;
				CLANG_WARN_DIRECT_OBJC_ISA_USAGE = YES_ERROR;
				CLANG_WARN_DOCUMENTATION_COMMENTS = YES;
				CLANG_WARN_EMPTY_BODY = YES;
				CLANG_WARN_ENUM_CONVERSION = YES;
				CLANG_WARN_INFINITE_RECURSION = YES;
				CLANG_WARN_INT_CONVERSION = YES;
				CLANG_WARN_OBJC_ROOT_CLASS = YES_ERROR;
				CLANG_WARN_SUSPICIOUS_MOVES = YES;
				CLANG_WARN_UNREACHABLE_CODE = YES;
				CLANG_WARN__DUPLICATE_METHOD_MATCH = YES;
				"CODE_SIGN_IDENTITY[sdk=iphoneos*]" = "iPhone Developer";
				COPY_PHASE_STRIP = NO;
				DEBUG_INFORMATION_FORMAT = "dwarf-with-dsym";
				ENABLE_NS_ASSERTIONS = NO;
				ENABLE_STRICT_OBJC_MSGSEND = YES;
				GCC_C_LANGUAGE_STANDARD = gnu99;
				GCC_NO_COMMON_BLOCKS = YES;
				GCC_WARN_64_TO_32_BIT_CONVERSION = YES;
				GCC_WARN_ABOUT_RETURN_TYPE = YES_ERROR;
				GCC_WARN_UNDECLARED_SELECTOR = YES;
				GCC_WARN_UNINITIALIZED_AUTOS = YES_AGGRESSIVE;
				GCC_WARN_UNUSED_FUNCTION = YES;
				GCC_WARN_UNUSED_VARIABLE = YES;
				IPHONEOS_DEPLOYMENT_TARGET = 9.0;
				MTL_ENABLE_DEBUG_INFO = NO;
				SDKROOT = iphoneos;
				TARGETED_DEVICE_FAMILY = "1,2";
				VALIDATE_PRODUCT = YES;
			};
			name = Release;
		};
		8A7E77731D9BDA0A009FDF9F /* Debug */ = {
			isa = XCBuildConfiguration;
			buildSettings = {
				ASSETCATALOG_COMPILER_APPICON_NAME = AppIcon;
				DEVELOPMENT_TEAM = "";
				INFOPLIST_FILE = testRssReader/Info.plist;
				LD_RUNPATH_SEARCH_PATHS = "$(inherited) @executable_path/Frameworks";
				PRODUCT_BUNDLE_IDENTIFIER = my.testRssReader;
				PRODUCT_NAME = "$(TARGET_NAME)";
			};
			name = Debug;
		};
		8A7E77741D9BDA0A009FDF9F /* Release */ = {
			isa = XCBuildConfiguration;
			buildSettings = {
				ASSETCATALOG_COMPILER_APPICON_NAME = AppIcon;
				DEVELOPMENT_TEAM = "";
				INFOPLIST_FILE = testRssReader/Info.plist;
				LD_RUNPATH_SEARCH_PATHS = "$(inherited) @executable_path/Frameworks";
				PRODUCT_BUNDLE_IDENTIFIER = my.testRssReader;
				PRODUCT_NAME = "$(TARGET_NAME)";
			};
			name = Release;
		};
/* End XCBuildConfiguration section */

/* Begin XCConfigurationList section */
		8A7E77561D9BDA0A009FDF9F /* Build configuration list for PBXProject "testRssReader" */ = {
			isa = XCConfigurationList;
			buildConfigurations = (
				8A7E77701D9BDA0A009FDF9F /* Debug */,
				8A7E77711D9BDA0A009FDF9F /* Release */,
			);
			defaultConfigurationIsVisible = 0;
			defaultConfigurationName = Release;
		};
		8A7E77721D9BDA0A009FDF9F /* Build configuration list for PBXNativeTarget "testRssReader" */ = {
			isa = XCConfigurationList;
			buildConfigurations = (
				8A7E77731D9BDA0A009FDF9F /* Debug */,
				8A7E77741D9BDA0A009FDF9F /* Release */,
			);
			defaultConfigurationIsVisible = 0;
			defaultConfigurationName = Release;
		};
/* End XCConfigurationList section */
	};
	rootObject = 8A7E77531D9BDA0A009FDF9F /* Project object */;
}
